
Microsoft Visual Studio Solution File, Format Version 12.00
# Visual Studio 15
VisualStudioVersion = 15.0.28307.572
MinimumVisualStudioVersion = 10.0.40219.1
Project("{FAE04EC0-301F-11D3-BF4B-00C04F79EFBC}") = "App405.Android", "App405\App405.Android\App405.Android.csproj", "{7ADCBEB8-1A6F-41BD-903A-2D0969606D18}"
EndProject
Project("{FAE04EC0-301F-11D3-BF4B-00C04F79EFBC}") = "App405.iOS", "App405\App405.iOS\App405.iOS.csproj", "{ED9C3A1C-7C87-4D11-A7EA-4AC5B2DE1463}"
EndProject
Project("{FAE04EC0-301F-11D3-BF4B-00C04F79EFBC}") = "App405", "App405\App405\App405.csproj", "{4249D818-9376-4892-9D4F-1CA29F3C54B0}"
EndProject
Global
	GlobalSection(SolutionConfigurationPlatforms) = preSolution
		Ad-Hoc|Any CPU = Ad-Hoc|Any CPU
		Ad-Hoc|iPhone = Ad-Hoc|iPhone
		Ad-Hoc|iPhoneSimulator = Ad-Hoc|iPhoneSimulator
		AppStore|Any CPU = AppStore|Any CPU
		AppStore|iPhone = AppStore|iPhone
		AppStore|iPhoneSimulator = AppStore|iPhoneSimulator
		Debug|Any CPU = Debug|Any CPU
		Debug|iPhone = Debug|iPhone
		Debug|iPhoneSimulator = Debug|iPhoneSimulator
		Release|Any CPU = Release|Any CPU
		Release|iPhone = Release|iPhone
		Release|iPhoneSimulator = Release|iPhoneSimulator
	EndGlobalSection
	GlobalSection(ProjectConfigurationPlatforms) = postSolution
		{7ADCBEB8-1A6F-41BD-903A-2D0969606D18}.Ad-Hoc|Any CPU.ActiveCfg = Release|Any CPU
		{7ADCBEB8-1A6F-41BD-903A-2D0969606D18}.Ad-Hoc|Any CPU.Build.0 = Release|Any CPU
		{7ADCBEB8-1A6F-41BD-903A-2D0969606D18}.Ad-Hoc|Any CPU.Deploy.0 = Release|Any CPU
		{7ADCBEB8-1A6F-41BD-903A-2D0969606D18}.Ad-Hoc|iPhone.ActiveCfg = Release|Any CPU
		{7ADCBEB8-1A6F-41BD-903A-2D0969606D18}.Ad-Hoc|iPhone.Build.0 = Release|Any CPU
		{7ADCBEB8-1A6F-41BD-903A-2D0969606D18}.Ad-Hoc|iPhone.Deploy.0 = Release|Any CPU
		{7ADCBEB8-1A6F-41BD-903A-2D0969606D18}.Ad-Hoc|iPhoneSimulator.ActiveCfg = Release|Any CPU
		{7ADCBEB8-1A6F-41BD-903A-2D0969606D18}.Ad-Hoc|iPhoneSimulator.Build.0 = Release|Any CPU
		{7ADCBEB8-1A6F-41BD-903A-2D0969606D18}.Ad-Hoc|iPhoneSimulator.Deploy.0 = Release|Any CPU
		{7ADCBEB8-1A6F-41BD-903A-2D0969606D18}.AppStore|Any CPU.ActiveCfg = Release|Any CPU
		{7ADCBEB8-1A6F-41BD-903A-2D0969606D18}.AppStore|Any CPU.Build.0 = Release|Any CPU
		{7ADCBEB8-1A6F-41BD-903A-2D0969606D18}.AppStore|Any CPU.Deploy.0 = Release|Any CPU
		{7ADCBEB8-1A6F-41BD-903A-2D0969606D18}.AppStore|iPhone.ActiveCfg = Release|Any CPU
		{7ADCBEB8-1A6F-41BD-903A-2D0969606D18}.AppStore|iPhone.Build.0 = Release|Any CPU
		{7ADCBEB8-1A6F-41BD-903A-2D0969606D18}.AppStore|iPhone.Deploy.0 = Release|Any CPU
		{7ADCBEB8-1A6F-41BD-903A-2D0969606D18}.AppStore|iPhoneSimulator.ActiveCfg = Release|Any CPU
		{7ADCBEB8-1A6F-41BD-903A-2D0969606D18}.AppStore|iPhoneSimulator.Build.0 = Release|Any CPU
		{7ADCBEB8-1A6F-41BD-903A-2D0969606D18}.AppStore|iPhoneSimulator.Deploy.0 = Release|Any CPU
		{7ADCBEB8-1A6F-41BD-903A-2D0969606D18}.Debug|Any CPU.ActiveCfg = Debug|Any CPU
		{7ADCBEB8-1A6F-41BD-903A-2D0969606D18}.Debug|Any CPU.Build.0 = Debug|Any CPU
		{7ADCBEB8-1A6F-41BD-903A-2D0969606D18}.Debug|Any CPU.Deploy.0 = Debug|Any CPU
		{7ADCBEB8-1A6F-41BD-903A-2D0969606D18}.Debug|iPhone.ActiveCfg = Debug|Any CPU
		{7ADCBEB8-1A6F-41BD-903A-2D0969606D18}.Debug|iPhone.Build.0 = Debug|Any CPU
		{7ADCBEB8-1A6F-41BD-903A-2D0969606D18}.Debug|iPhone.Deploy.0 = Debug|Any CPU
		{7ADCBEB8-1A6F-41BD-903A-2D0969606D18}.Debug|iPhoneSimulator.ActiveCfg = Debug|Any CPU
		{7ADCBEB8-1A6F-41BD-903A-2D0969606D18}.Debug|iPhoneSimulator.Build.0 = Debug|Any CPU
		{7ADCBEB8-1A6F-41BD-903A-2D0969606D18}.Debug|iPhoneSimulator.Deploy.0 = Debug|Any CPU
		{7ADCBEB8-1A6F-41BD-903A-2D0969606D18}.Release|Any CPU.ActiveCfg = Release|Any CPU
		{7ADCBEB8-1A6F-41BD-903A-2D0969606D18}.Release|Any CPU.Build.0 = Release|Any CPU
		{7ADCBEB8-1A6F-41BD-903A-2D0969606D18}.Release|Any CPU.Deploy.0 = Release|Any CPU
		{7ADCBEB8-1A6F-41BD-903A-2D0969606D18}.Release|iPhone.ActiveCfg = Release|Any CPU
		{7ADCBEB8-1A6F-41BD-903A-2D0969606D18}.Release|iPhone.Build.0 = Release|Any CPU
		{7ADCBEB8-1A6F-41BD-903A-2D0969606D18}.Release|iPhone.Deploy.0 = Release|Any CPU
		{7ADCBEB8-1A6F-41BD-903A-2D0969606D18}.Release|iPhoneSimulator.ActiveCfg = Release|Any CPU
		{7ADCBEB8-1A6F-41BD-903A-2D0969606D18}.Release|iPhoneSimulator.Build.0 = Release|Any CPU
		{7ADCBEB8-1A6F-41BD-903A-2D0969606D18}.Release|iPhoneSimulator.Deploy.0 = Release|Any CPU
		{ED9C3A1C-7C87-4D11-A7EA-4AC5B2DE1463}.Ad-Hoc|Any CPU.ActiveCfg = Ad-Hoc|iPhone
		{ED9C3A1C-7C87-4D11-A7EA-4AC5B2DE1463}.Ad-Hoc|Any CPU.Build.0 = Ad-Hoc|iPhone
		{ED9C3A1C-7C87-4D11-A7EA-4AC5B2DE1463}.Ad-Hoc|Any CPU.Deploy.0 = Ad-Hoc|iPhone
		{ED9C3A1C-7C87-4D11-A7EA-4AC5B2DE1463}.Ad-Hoc|iPhone.ActiveCfg = Ad-Hoc|iPhone
		{ED9C3A1C-7C87-4D11-A7EA-4AC5B2DE1463}.Ad-Hoc|iPhone.Build.0 = Ad-Hoc|iPhone
		{ED9C3A1C-7C87-4D11-A7EA-4AC5B2DE1463}.Ad-Hoc|iPhone.Deploy.0 = Ad-Hoc|iPhone
		{ED9C3A1C-7C87-4D11-A7EA-4AC5B2DE1463}.Ad-Hoc|iPhoneSimulator.ActiveCfg = Ad-Hoc|iPhoneSimulator
		{ED9C3A1C-7C87-4D11-A7EA-4AC5B2DE1463}.Ad-Hoc|iPhoneSimulator.Build.0 = Ad-Hoc|iPhoneSimulator
		{ED9C3A1C-7C87-4D11-A7EA-4AC5B2DE1463}.Ad-Hoc|iPhoneSimulator.Deploy.0 = Ad-Hoc|iPhoneSimulator
		{ED9C3A1C-7C87-4D11-A7EA-4AC5B2DE1463}.AppStore|Any CPU.ActiveCfg = AppStore|iPhone
		{ED9C3A1C-7C87-4D11-A7EA-4AC5B2DE1463}.AppStore|Any CPU.Build.0 = AppStore|iPhone
		{ED9C3A1C-7C87-4D11-A7EA-4AC5B2DE1463}.AppStore|Any CPU.Deploy.0 = AppStore|iPhone
		{ED9C3A1C-7C87-4D11-A7EA-4AC5B2DE1463}.AppStore|iPhone.ActiveCfg = AppStore|iPhone
		{ED9C3A1C-7C87-4D11-A7EA-4AC5B2DE1463}.AppStore|iPhone.Build.0 = AppStore|iPhone
		{ED9C3A1C-7C87-4D11-A7EA-4AC5B2DE1463}.AppStore|iPhone.Deploy.0 = AppStore|iPhone
		{ED9C3A1C-7C87-4D11-A7EA-4AC5B2DE1463}.AppStore|iPhoneSimulator.ActiveCfg = AppStore|iPhoneSimulator
		{ED9C3A1C-7C87-4D11-A7EA-4AC5B2DE1463}.AppStore|iPhoneSimulator.Build.0 = AppStore|iPhoneSimulator
		{ED9C3A1C-7C87-4D11-A7EA-4AC5B2DE1463}.AppStore|iPhoneSimulator.Deploy.0 = AppStore|iPhoneSimulator
		{ED9C3A1C-7C87-4D11-A7EA-4AC5B2DE1463}.Debug|Any CPU.ActiveCfg = Debug|iPhoneSimulator
		{ED9C3A1C-7C87-4D11-A7EA-4AC5B2DE1463}.Debug|Any CPU.Build.0 = Debug|iPhoneSimulator
		{ED9C3A1C-7C87-4D11-A7EA-4AC5B2DE1463}.Debug|Any CPU.Deploy.0 = Debug|iPhoneSimulator
		{ED9C3A1C-7C87-4D11-A7EA-4AC5B2DE1463}.Debug|iPhone.ActiveCfg = Debug|iPhone
		{ED9C3A1C-7C87-4D11-A7EA-4AC5B2DE1463}.Debug|iPhone.Build.0 = Debug|iPhone
		{ED9C3A1C-7C87-4D11-A7EA-4AC5B2DE1463}.Debug|iPhone.Deploy.0 = Debug|iPhone
		{ED9C3A1C-7C87-4D11-A7EA-4AC5B2DE1463}.Debug|iPhoneSimulator.ActiveCfg = Debug|iPhoneSimulator
		{ED9C3A1C-7C87-4D11-A7EA-4AC5B2DE1463}.Debug|iPhoneSimulator.Build.0 = Debug|iPhoneSimulator
		{ED9C3A1C-7C87-4D11-A7EA-4AC5B2DE1463}.Debug|iPhoneSimulator.Deploy.0 = Debug|iPhoneSimulator
		{ED9C3A1C-7C87-4D11-A7EA-4AC5B2DE1463}.Release|Any CPU.ActiveCfg = Release|iPhone
		{ED9C3A1C-7C87-4D11-A7EA-4AC5B2DE1463}.Release|Any CPU.Build.0 = Release|iPhone
		{ED9C3A1C-7C87-4D11-A7EA-4AC5B2DE1463}.Release|Any CPU.Deploy.0 = Release|iPhone
		{ED9C3A1C-7C87-4D11-A7EA-4AC5B2DE1463}.Release|iPhone.ActiveCfg = Release|iPhone
		{ED9C3A1C-7C87-4D11-A7EA-4AC5B2DE1463}.Release|iPhone.Build.0 = Release|iPhone
		{ED9C3A1C-7C87-4D11-A7EA-4AC5B2DE1463}.Release|iPhone.Deploy.0 = Release|iPhone
		{ED9C3A1C-7C87-4D11-A7EA-4AC5B2DE1463}.Release|iPhoneSimulator.ActiveCfg = Release|iPhoneSimulator
		{ED9C3A1C-7C87-4D11-A7EA-4AC5B2DE1463}.Release|iPhoneSimulator.Build.0 = Release|iPhoneSimulator
		{ED9C3A1C-7C87-4D11-A7EA-4AC5B2DE1463}.Release|iPhoneSimulator.Deploy.0 = Release|iPhoneSimulator
		{4249D818-9376-4892-9D4F-1CA29F3C54B0}.Ad-Hoc|Any CPU.ActiveCfg = Debug|Any CPU
		{4249D818-9376-4892-9D4F-1CA29F3C54B0}.Ad-Hoc|Any CPU.Build.0 = Debug|Any CPU
		{4249D818-9376-4892-9D4F-1CA29F3C54B0}.Ad-Hoc|Any CPU.Deploy.0 = Debug|Any CPU
		{4249D818-9376-4892-9D4F-1CA29F3C54B0}.Ad-Hoc|iPhone.ActiveCfg = Debug|Any CPU
		{4249D818-9376-4892-9D4F-1CA29F3C54B0}.Ad-Hoc|iPhone.Build.0 = Debug|Any CPU
		{4249D818-9376-4892-9D4F-1CA29F3C54B0}.Ad-Hoc|iPhone.Deploy.0 = Debug|Any CPU
		{4249D818-9376-4892-9D4F-1CA29F3C54B0}.Ad-Hoc|iPhoneSimulator.ActiveCfg = Debug|Any CPU
		{4249D818-9376-4892-9D4F-1CA29F3C54B0}.Ad-Hoc|iPhoneSimulator.Build.0 = Debug|Any CPU
		{4249D818-9376-4892-9D4F-1CA29F3C54B0}.Ad-Hoc|iPhoneSimulator.Deploy.0 = Debug|Any CPU
		{4249D818-9376-4892-9D4F-1CA29F3C54B0}.AppStore|Any CPU.ActiveCfg = Debug|Any CPU
		{4249D818-9376-4892-9D4F-1CA29F3C54B0}.AppStore|Any CPU.Build.0 = Debug|Any CPU
		{4249D818-9376-4892-9D4F-1CA29F3C54B0}.AppStore|Any CPU.Deploy.0 = Debug|Any CPU
		{4249D818-9376-4892-9D4F-1CA29F3C54B0}.AppStore|iPhone.ActiveCfg = Debug|Any CPU
		{4249D818-9376-4892-9D4F-1CA29F3C54B0}.AppStore|iPhone.Build.0 = Debug|Any CPU
		{4249D818-9376-4892-9D4F-1CA29F3C54B0}.AppStore|iPhone.Deploy.0 = Debug|Any CPU
		{4249D818-9376-4892-9D4F-1CA29F3C54B0}.AppStore|iPhoneSimulator.ActiveCfg = Debug|Any CPU
		{4249D818-9376-4892-9D4F-1CA29F3C54B0}.AppStore|iPhoneSimulator.Build.0 = Debug|Any CPU
		{4249D818-9376-4892-9D4F-1CA29F3C54B0}.AppStore|iPhoneSimulator.Deploy.0 = Debug|Any CPU
		{4249D818-9376-4892-9D4F-1CA29F3C54B0}.Debug|Any CPU.ActiveCfg = Debug|Any CPU
		{4249D818-9376-4892-9D4F-1CA29F3C54B0}.Debug|Any CPU.Build.0 = Debug|Any CPU
		{4249D818-9376-4892-9D4F-1CA29F3C54B0}.Debug|Any CPU.Deploy.0 = Debug|Any CPU
		{4249D818-9376-4892-9D4F-1CA29F3C54B0}.Debug|iPhone.ActiveCfg = Debug|Any CPU
		{4249D818-9376-4892-9D4F-1CA29F3C54B0}.Debug|iPhone.Build.0 = Debug|Any CPU
		{4249D818-9376-4892-9D4F-1CA29F3C54B0}.Debug|iPhone.Deploy.0 = Debug|Any CPU
		{4249D818-9376-4892-9D4F-1CA29F3C54B0}.Debug|iPhoneSimulator.ActiveCfg = Debug|Any CPU
		{4249D818-9376-4892-9D4F-1CA29F3C54B0}.Debug|iPhoneSimulator.Build.0 = Debug|Any CPU
		{4249D818-9376-4892-9D4F-1CA29F3C54B0}.Debug|iPhoneSimulator.Deploy.0 = Debug|Any CPU
		{4249D818-9376-4892-9D4F-1CA29F3C54B0}.Release|Any CPU.ActiveCfg = Release|Any CPU
		{4249D818-9376-4892-9D4F-1CA29F3C54B0}.Release|Any CPU.Build.0 = Release|Any CPU
		{4249D818-9376-4892-9D4F-1CA29F3C54B0}.Release|Any CPU.Deploy.0 = Release|Any CPU
		{4249D818-9376-4892-9D4F-1CA29F3C54B0}.Release|iPhone.ActiveCfg = Release|Any CPU
		{4249D818-9376-4892-9D4F-1CA29F3C54B0}.Release|iPhone.Build.0 = Release|Any CPU
		{4249D818-9376-4892-9D4F-1CA29F3C54B0}.Release|iPhone.Deploy.0 = Release|Any CPU
		{4249D818-9376-4892-9D4F-1CA29F3C54B0}.Release|iPhoneSimulator.ActiveCfg = Release|Any CPU
		{4249D818-9376-4892-9D4F-1CA29F3C54B0}.Release|iPhoneSimulator.Build.0 = Release|Any CPU
		{4249D818-9376-4892-9D4F-1CA29F3C54B0}.Release|iPhoneSimulator.Deploy.0 = Release|Any CPU
	EndGlobalSection
	GlobalSection(SolutionProperties) = preSolution
		HideSolutionNode = FALSE
	EndGlobalSection
	GlobalSection(ExtensibilityGlobals) = postSolution
		SolutionGuid = {37AFB2E7-6A34-466A-84B8-A1750B42647E}
	EndGlobalSection
EndGlobal
